
Microsoft Visual Studio Solution File, Format Version 12.00
# Visual Studio Version 17
VisualStudioVersion = 17.5.33424.131
MinimumVisualStudioVersion = 10.0.40219.1
Project("{9A19103F-16F7-4668-BE54-9A1E7A4F7556}") = "BillingService", "BillingService.csproj", "{18CA4E44-D94D-4010-BCC3-B4FD58EC8861}"
EndProject
Global
	GlobalSection(SolutionConfigurationPlatforms) = preSolution
		Debug|Any CPU = Debug|Any CPU
		Release|Any CPU = Release|Any CPU
	EndGlobalSection
	GlobalSection(ProjectConfigurationPlatforms) = postSolution
		{18CA4E44-D94D-4010-BCC3-B4FD58EC8861}.Debug|Any CPU.ActiveCfg = Debug|Any CPU
		{18CA4E44-D94D-4010-BCC3-B4FD58EC8861}.Debug|Any CPU.Build.0 = Debug|Any CPU
		{18CA4E44-D94D-4010-BCC3-B4FD58EC8861}.Release|Any CPU.ActiveCfg = Release|Any CPU
		{18CA4E44-D94D-4010-BCC3-B4FD58EC8861}.Release|Any CPU.Build.0 = Release|Any CPU
	EndGlobalSection
	GlobalSection(SolutionProperties) = preSolution
		HideSolutionNode = FALSE
	EndGlobalSection
	GlobalSection(ExtensibilityGlobals) = postSolution
		SolutionGuid = {4E8B2295-6DE0-41E1-B41B-70FD671EA0CE}
	EndGlobalSection
EndGlobal
